
Microsoft Visual Studio Solution File, Format Version 12.00
# Visual Studio Version 16
VisualStudioVersion = 16.0.32929.386
MinimumVisualStudioVersion = 10.0.40219.1
Project("{FAE04EC0-301F-11D3-BF4B-00C04F79EFBC}") = "EurekaApp2022", "EurekaApp2022\EurekaApp2022.csproj", "{4AA0716C-8450-4A15-AB22-0A93B7457B08}"
EndProject
Project("{FAE04EC0-301F-11D3-BF4B-00C04F79EFBC}") = "CapaService", "CapaService\CapaService.csproj", "{3ADBD5CA-6730-4467-9F0D-04FAADE25C63}"
EndProject
Project("{FAE04EC0-301F-11D3-BF4B-00C04F79EFBC}") = "CapaModel", "CapaModel\CapaModel.csproj", "{7DCE87FC-C3FB-4E89-8AC2-3C19BD980012}"
EndProject
Global
	GlobalSection(SolutionConfigurationPlatforms) = preSolution
		Debug|Any CPU = Debug|Any CPU
		Release|Any CPU = Release|Any CPU
	EndGlobalSection
	GlobalSection(ProjectConfigurationPlatforms) = postSolution
		{4AA0716C-8450-4A15-AB22-0A93B7457B08}.Debug|Any CPU.ActiveCfg = Debug|Any CPU
		{4AA0716C-8450-4A15-AB22-0A93B7457B08}.Debug|Any CPU.Build.0 = Debug|Any CPU
		{4AA0716C-8450-4A15-AB22-0A93B7457B08}.Release|Any CPU.ActiveCfg = Release|Any CPU
		{4AA0716C-8450-4A15-AB22-0A93B7457B08}.Release|Any CPU.Build.0 = Release|Any CPU
		{3ADBD5CA-6730-4467-9F0D-04FAADE25C63}.Debug|Any CPU.ActiveCfg = Debug|Any CPU
		{3ADBD5CA-6730-4467-9F0D-04FAADE25C63}.Debug|Any CPU.Build.0 = Debug|Any CPU
		{3ADBD5CA-6730-4467-9F0D-04FAADE25C63}.Release|Any CPU.ActiveCfg = Release|Any CPU
		{3ADBD5CA-6730-4467-9F0D-04FAADE25C63}.Release|Any CPU.Build.0 = Release|Any CPU
		{7DCE87FC-C3FB-4E89-8AC2-3C19BD980012}.Debug|Any CPU.ActiveCfg = Debug|Any CPU
		{7DCE87FC-C3FB-4E89-8AC2-3C19BD980012}.Debug|Any CPU.Build.0 = Debug|Any CPU
		{7DCE87FC-C3FB-4E89-8AC2-3C19BD980012}.Release|Any CPU.ActiveCfg = Release|Any CPU
		{7DCE87FC-C3FB-4E89-8AC2-3C19BD980012}.Release|Any CPU.Build.0 = Release|Any CPU
	EndGlobalSection
	GlobalSection(SolutionProperties) = preSolution
		HideSolutionNode = FALSE
	EndGlobalSection
	GlobalSection(ExtensibilityGlobals) = postSolution
		SolutionGuid = {23B60DC8-7BA3-4350-8C11-42224C2D6894}
	EndGlobalSection
EndGlobal
