
Microsoft Visual Studio Solution File, Format Version 12.00
# Visual Studio Version 16
VisualStudioVersion = 16.0.32929.386
MinimumVisualStudioVersion = 10.0.40219.1
Project("{FAE04EC0-301F-11D3-BF4B-00C04F79EFBC}") = "Gpo2Eureka2022", "Gpo2Eureka2022\Gpo2Eureka2022.csproj", "{FF7FF3B0-72C6-4FA1-B18F-F113CD3539A3}"
EndProject
Project("{FAE04EC0-301F-11D3-BF4B-00C04F79EFBC}") = "CapaService", "CapaService\CapaService.csproj", "{6BA7AD5C-92E6-4E3D-B74C-D49D5DB7F27B}"
EndProject
Project("{FAE04EC0-301F-11D3-BF4B-00C04F79EFBC}") = "CapaModel", "CapaModel\CapaModel.csproj", "{BC2114F4-2103-401E-8C02-EF265BE351B2}"
EndProject
Global
	GlobalSection(SolutionConfigurationPlatforms) = preSolution
		Debug|Any CPU = Debug|Any CPU
		Release|Any CPU = Release|Any CPU
	EndGlobalSection
	GlobalSection(ProjectConfigurationPlatforms) = postSolution
		{FF7FF3B0-72C6-4FA1-B18F-F113CD3539A3}.Debug|Any CPU.ActiveCfg = Debug|Any CPU
		{FF7FF3B0-72C6-4FA1-B18F-F113CD3539A3}.Debug|Any CPU.Build.0 = Debug|Any CPU
		{FF7FF3B0-72C6-4FA1-B18F-F113CD3539A3}.Release|Any CPU.ActiveCfg = Release|Any CPU
		{FF7FF3B0-72C6-4FA1-B18F-F113CD3539A3}.Release|Any CPU.Build.0 = Release|Any CPU
		{6BA7AD5C-92E6-4E3D-B74C-D49D5DB7F27B}.Debug|Any CPU.ActiveCfg = Debug|Any CPU
		{6BA7AD5C-92E6-4E3D-B74C-D49D5DB7F27B}.Debug|Any CPU.Build.0 = Debug|Any CPU
		{6BA7AD5C-92E6-4E3D-B74C-D49D5DB7F27B}.Release|Any CPU.ActiveCfg = Release|Any CPU
		{6BA7AD5C-92E6-4E3D-B74C-D49D5DB7F27B}.Release|Any CPU.Build.0 = Release|Any CPU
		{BC2114F4-2103-401E-8C02-EF265BE351B2}.Debug|Any CPU.ActiveCfg = Debug|Any CPU
		{BC2114F4-2103-401E-8C02-EF265BE351B2}.Debug|Any CPU.Build.0 = Debug|Any CPU
		{BC2114F4-2103-401E-8C02-EF265BE351B2}.Release|Any CPU.ActiveCfg = Release|Any CPU
		{BC2114F4-2103-401E-8C02-EF265BE351B2}.Release|Any CPU.Build.0 = Release|Any CPU
	EndGlobalSection
	GlobalSection(SolutionProperties) = preSolution
		HideSolutionNode = FALSE
	EndGlobalSection
	GlobalSection(ExtensibilityGlobals) = postSolution
		SolutionGuid = {23700386-39D2-4330-BFB2-D8BD6250556C}
	EndGlobalSection
EndGlobal
